// !$*UTF8*$!
{
	archiveVersion = 1;
	classes = {
	};
	objectVersion = 51;
	objects = {

/* Begin PBXBuildFile section */
		4BFDD806D7486338FA9CC10C /* Pods_RxNewsMVVM.framework in Frameworks */ = {isa = PBXBuildFile; fileRef = F6F4132266FA04ADD284059E /* Pods_RxNewsMVVM.framework */; };
		9F563A032664B242001B9227 /* AppDelegate.swift in Sources */ = {isa = PBXBuildFile; fileRef = 9F563A022664B242001B9227 /* AppDelegate.swift */; };
		9F563A052664B242001B9227 /* SceneDelegate.swift in Sources */ = {isa = PBXBuildFile; fileRef = 9F563A042664B242001B9227 /* SceneDelegate.swift */; };
		9F563A0A2664B242001B9227 /* Main.storyboard in Resources */ = {isa = PBXBuildFile; fileRef = 9F563A082664B242001B9227 /* Main.storyboard */; };
		9F563A0C2664B244001B9227 /* Assets.xcassets in Resources */ = {isa = PBXBuildFile; fileRef = 9F563A0B2664B244001B9227 /* Assets.xcassets */; };
		9F563A0F2664B244001B9227 /* LaunchScreen.storyboard in Resources */ = {isa = PBXBuildFile; fileRef = 9F563A0D2664B244001B9227 /* LaunchScreen.storyboard */; };
		9F563A182664B767001B9227 /* VCNewsList.swift in Sources */ = {isa = PBXBuildFile; fileRef = 9F563A172664B767001B9227 /* VCNewsList.swift */; };
		9F563A1B2664B9D5001B9227 /* Article.swift in Sources */ = {isa = PBXBuildFile; fileRef = 9F563A1A2664B9D5001B9227 /* Article.swift */; };
		9F563A1F2664BAA2001B9227 /* URLRequest+Extensions.swift in Sources */ = {isa = PBXBuildFile; fileRef = 9F563A1E2664BAA2001B9227 /* URLRequest+Extensions.swift */; };
		9F563A222664BFF3001B9227 /* ArticleViewModel.swift in Sources */ = {isa = PBXBuildFile; fileRef = 9F563A212664BFF3001B9227 /* ArticleViewModel.swift */; };
		9F563A252664C2DE001B9227 /* ArticleTableViewCell.swift in Sources */ = {isa = PBXBuildFile; fileRef = 9F563A242664C2DE001B9227 /* ArticleTableViewCell.swift */; };
/* End PBXBuildFile section */

/* Begin PBXFileReference section */
		9461EC0FE78FB8E6C46BB254 /* Pods-RxNewsMVVM.debug.xcconfig */ = {isa = PBXFileReference; includeInIndex = 1; lastKnownFileType = text.xcconfig; name = "Pods-RxNewsMVVM.debug.xcconfig"; path = "Target Support Files/Pods-RxNewsMVVM/Pods-RxNewsMVVM.debug.xcconfig"; sourceTree = "<group>"; };
		9E362557274A505610585248 /* Pods-RxNewsMVVM.release.xcconfig */ = {isa = PBXFileReference; includeInIndex = 1; lastKnownFileType = text.xcconfig; name = "Pods-RxNewsMVVM.release.xcconfig"; path = "Target Support Files/Pods-RxNewsMVVM/Pods-RxNewsMVVM.release.xcconfig"; sourceTree = "<group>"; };
		9F5639FF2664B242001B9227 /* RxNewsMVVM.app */ = {isa = PBXFileReference; explicitFileType = wrapper.application; includeInIndex = 0; path = RxNewsMVVM.app; sourceTree = BUILT_PRODUCTS_DIR; };
		9F563A022664B242001B9227 /* AppDelegate.swift */ = {isa = PBXFileReference; lastKnownFileType = sourcecode.swift; path = AppDelegate.swift; sourceTree = "<group>"; };
		9F563A042664B242001B9227 /* SceneDelegate.swift */ = {isa = PBXFileReference; lastKnownFileType = sourcecode.swift; path = SceneDelegate.swift; sourceTree = "<group>"; };
		9F563A092664B242001B9227 /* Base */ = {isa = PBXFileReference; lastKnownFileType = file.storyboard; name = Base; path = Base.lproj/Main.storyboard; sourceTree = "<group>"; };
		9F563A0B2664B244001B9227 /* Assets.xcassets */ = {isa = PBXFileReference; lastKnownFileType = folder.assetcatalog; path = Assets.xcassets; sourceTree = "<group>"; };
		9F563A0E2664B244001B9227 /* Base */ = {isa = PBXFileReference; lastKnownFileType = file.storyboard; name = Base; path = Base.lproj/LaunchScreen.storyboard; sourceTree = "<group>"; };
		9F563A102664B244001B9227 /* Info.plist */ = {isa = PBXFileReference; lastKnownFileType = text.plist.xml; path = Info.plist; sourceTree = "<group>"; };
		9F563A172664B767001B9227 /* VCNewsList.swift */ = {isa = PBXFileReference; lastKnownFileType = sourcecode.swift; path = VCNewsList.swift; sourceTree = "<group>"; };
		9F563A1A2664B9D5001B9227 /* Article.swift */ = {isa = PBXFileReference; lastKnownFileType = sourcecode.swift; path = Article.swift; sourceTree = "<group>"; };
		9F563A1E2664BAA2001B9227 /* URLRequest+Extensions.swift */ = {isa = PBXFileReference; lastKnownFileType = sourcecode.swift; path = "URLRequest+Extensions.swift"; sourceTree = "<group>"; };
		9F563A212664BFF3001B9227 /* ArticleViewModel.swift */ = {isa = PBXFileReference; lastKnownFileType = sourcecode.swift; path = ArticleViewModel.swift; sourceTree = "<group>"; };
		9F563A242664C2DE001B9227 /* ArticleTableViewCell.swift */ = {isa = PBXFileReference; lastKnownFileType = sourcecode.swift; path = ArticleTableViewCell.swift; sourceTree = "<group>"; };
		F6F4132266FA04ADD284059E /* Pods_RxNewsMVVM.framework */ = {isa = PBXFileReference; explicitFileType = wrapper.framework; includeInIndex = 0; path = Pods_RxNewsMVVM.framework; sourceTree = BUILT_PRODUCTS_DIR; };
/* End PBXFileReference section */

/* Begin PBXFrameworksBuildPhase section */
		9F5639FC2664B242001B9227 /* Frameworks */ = {
			isa = PBXFrameworksBuildPhase;
			buildActionMask = 2147483647;
			files = (
				4BFDD806D7486338FA9CC10C /* Pods_RxNewsMVVM.framework in Frameworks */,
			);
			runOnlyForDeploymentPostprocessing = 0;
		};
/* End PBXFrameworksBuildPhase section */

/* Begin PBXGroup section */
		4BCAF095D2DDE7D69EDC9E98 /* Frameworks */ = {
			isa = PBXGroup;
			children = (
				F6F4132266FA04ADD284059E /* Pods_RxNewsMVVM.framework */,
			);
			name = Frameworks;
			sourceTree = "<group>";
		};
		5F5A620FA9A0C32273D0B0DE /* Pods */ = {
			isa = PBXGroup;
			children = (
				9461EC0FE78FB8E6C46BB254 /* Pods-RxNewsMVVM.debug.xcconfig */,
				9E362557274A505610585248 /* Pods-RxNewsMVVM.release.xcconfig */,
			);
			path = Pods;
			sourceTree = "<group>";
		};
		9F5639F62664B242001B9227 = {
			isa = PBXGroup;
			children = (
				9F563A012664B242001B9227 /* RxNewsMVVM */,
				9F563A002664B242001B9227 /* Products */,
				5F5A620FA9A0C32273D0B0DE /* Pods */,
				4BCAF095D2DDE7D69EDC9E98 /* Frameworks */,
			);
			sourceTree = "<group>";
		};
		9F563A002664B242001B9227 /* Products */ = {
			isa = PBXGroup;
			children = (
				9F5639FF2664B242001B9227 /* RxNewsMVVM.app */,
			);
			name = Products;
			sourceTree = "<group>";
		};
		9F563A012664B242001B9227 /* RxNewsMVVM */ = {
			isa = PBXGroup;
			children = (
				9F563A232664C2D2001B9227 /* Cells */,
				9F563A202664BFE7001B9227 /* ViewModels */,
				9F563A1C2664BA80001B9227 /* Global */,
				9F563A192664B9CB001B9227 /* Models */,
				9F563A162664B6FD001B9227 /* Controllers */,
				9F563A022664B242001B9227 /* AppDelegate.swift */,
				9F563A042664B242001B9227 /* SceneDelegate.swift */,
				9F563A082664B242001B9227 /* Main.storyboard */,
				9F563A0B2664B244001B9227 /* Assets.xcassets */,
				9F563A0D2664B244001B9227 /* LaunchScreen.storyboard */,
				9F563A102664B244001B9227 /* Info.plist */,
			);
			path = RxNewsMVVM;
			sourceTree = "<group>";
		};
		9F563A162664B6FD001B9227 /* Controllers */ = {
			isa = PBXGroup;
			children = (
				9F563A172664B767001B9227 /* VCNewsList.swift */,
			);
			path = Controllers;
			sourceTree = "<group>";
		};
		9F563A192664B9CB001B9227 /* Models */ = {
			isa = PBXGroup;
			children = (
				9F563A1A2664B9D5001B9227 /* Article.swift */,
			);
			path = Models;
			sourceTree = "<group>";
		};
		9F563A1C2664BA80001B9227 /* Global */ = {
			isa = PBXGroup;
			children = (
				9F563A1D2664BA88001B9227 /* Extensions */,
			);
			path = Global;
			sourceTree = "<group>";
		};
		9F563A1D2664BA88001B9227 /* Extensions */ = {
			isa = PBXGroup;
			children = (
				9F563A1E2664BAA2001B9227 /* URLRequest+Extensions.swift */,
			);
			path = Extensions;
			sourceTree = "<group>";
		};
		9F563A202664BFE7001B9227 /* ViewModels */ = {
			isa = PBXGroup;
			children = (
				9F563A212664BFF3001B9227 /* ArticleViewModel.swift */,
			);
			path = ViewModels;
			sourceTree = "<group>";
		};
		9F563A232664C2D2001B9227 /* Cells */ = {
			isa = PBXGroup;
			children = (
				9F563A242664C2DE001B9227 /* ArticleTableViewCell.swift */,
			);
			path = Cells;
			sourceTree = "<group>";
		};
/* End PBXGroup section */

/* Begin PBXNativeTarget section */
		9F5639FE2664B242001B9227 /* RxNewsMVVM */ = {
			isa = PBXNativeTarget;
			buildConfigurationList = 9F563A132664B244001B9227 /* Build configuration list for PBXNativeTarget "RxNewsMVVM" */;
			buildPhases = (
				FAEA50F997F38B3BAE059F03 /* [CP] Check Pods Manifest.lock */,
				9F5639FB2664B242001B9227 /* Sources */,
				9F5639FC2664B242001B9227 /* Frameworks */,
				9F5639FD2664B242001B9227 /* Resources */,
				AB9877271771A7EA949FF275 /* [CP] Embed Pods Frameworks */,
			);
			buildRules = (
			);
			dependencies = (
			);
			name = RxNewsMVVM;
			productName = RxNewsMVVM;
			productReference = 9F5639FF2664B242001B9227 /* RxNewsMVVM.app */;
			productType = "com.apple.product-type.application";
		};
/* End PBXNativeTarget section */

/* Begin PBXProject section */
		9F5639F72664B242001B9227 /* Project object */ = {
			isa = PBXProject;
			attributes = {
				LastSwiftUpdateCheck = 1250;
				LastUpgradeCheck = 1250;
				TargetAttributes = {
					9F5639FE2664B242001B9227 = {
						CreatedOnToolsVersion = 12.5;
					};
				};
			};
			buildConfigurationList = 9F5639FA2664B242001B9227 /* Build configuration list for PBXProject "RxNewsMVVM" */;
			compatibilityVersion = "Xcode 9.3";
			developmentRegion = en;
			hasScannedForEncodings = 0;
			knownRegions = (
				en,
				Base,
			);
			mainGroup = 9F5639F62664B242001B9227;
			productRefGroup = 9F563A002664B242001B9227 /* Products */;
			projectDirPath = "";
			projectRoot = "";
			targets = (
				9F5639FE2664B242001B9227 /* RxNewsMVVM */,
			);
		};
/* End PBXProject section */

/* Begin PBXResourcesBuildPhase section */
		9F5639FD2664B242001B9227 /* Resources */ = {
			isa = PBXResourcesBuildPhase;
			buildActionMask = 2147483647;
			files = (
				9F563A0F2664B244001B9227 /* LaunchScreen.storyboard in Resources */,
				9F563A0C2664B244001B9227 /* Assets.xcassets in Resources */,
				9F563A0A2664B242001B9227 /* Main.storyboard in Resources */,
			);
			runOnlyForDeploymentPostprocessing = 0;
		};
/* End PBXResourcesBuildPhase section */

/* Begin PBXShellScriptBuildPhase section */
		AB9877271771A7EA949FF275 /* [CP] Embed Pods Frameworks */ = {
			isa = PBXShellScriptBuildPhase;
			buildActionMask = 2147483647;
			files = (
			);
			inputFileListPaths = (
				"${PODS_ROOT}/Target Support Files/Pods-RxNewsMVVM/Pods-RxNewsMVVM-frameworks-${CONFIGURATION}-input-files.xcfilelist",
			);
			name = "[CP] Embed Pods Frameworks";
			outputFileListPaths = (
				"${PODS_ROOT}/Target Support Files/Pods-RxNewsMVVM/Pods-RxNewsMVVM-frameworks-${CONFIGURATION}-output-files.xcfilelist",
			);
			runOnlyForDeploymentPostprocessing = 0;
			shellPath = /bin/sh;
			shellScript = "\"${PODS_ROOT}/Target Support Files/Pods-RxNewsMVVM/Pods-RxNewsMVVM-frameworks.sh\"\n";
			showEnvVarsInLog = 0;
		};
		FAEA50F997F38B3BAE059F03 /* [CP] Check Pods Manifest.lock */ = {
			isa = PBXShellScriptBuildPhase;
			buildActionMask = 2147483647;
			files = (
			);
			inputFileListPaths = (
			);
			inputPaths = (
				"${PODS_PODFILE_DIR_PATH}/Podfile.lock",
				"${PODS_ROOT}/Manifest.lock",
			);
			name = "[CP] Check Pods Manifest.lock";
			outputFileListPaths = (
			);
			outputPaths = (
				"$(DERIVED_FILE_DIR)/Pods-RxNewsMVVM-checkManifestLockResult.txt",
			);
			runOnlyForDeploymentPostprocessing = 0;
			shellPath = /bin/sh;
			shellScript = "diff \"${PODS_PODFILE_DIR_PATH}/Podfile.lock\" \"${PODS_ROOT}/Manifest.lock\" > /dev/null\nif [ $? != 0 ] ; then\n    # print error to STDERR\n    echo \"error: The sandbox is not in sync with the Podfile.lock. Run 'pod install' or update your CocoaPods installation.\" >&2\n    exit 1\nfi\n# This output is used by Xcode 'outputs' to avoid re-running this script phase.\necho \"SUCCESS\" > \"${SCRIPT_OUTPUT_FILE_0}\"\n";
			showEnvVarsInLog = 0;
		};
/* End PBXShellScriptBuildPhase section */

/* Begin PBXSourcesBuildPhase section */
		9F5639FB2664B242001B9227 /* Sources */ = {
			isa = PBXSourcesBuildPhase;
			buildActionMask = 2147483647;
			files = (
				9F563A1B2664B9D5001B9227 /* Article.swift in Sources */,
				9F563A032664B242001B9227 /* AppDelegate.swift in Sources */,
				9F563A182664B767001B9227 /* VCNewsList.swift in Sources */,
				9F563A222664BFF3001B9227 /* ArticleViewModel.swift in Sources */,
				9F563A1F2664BAA2001B9227 /* URLRequest+Extensions.swift in Sources */,
				9F563A252664C2DE001B9227 /* ArticleTableViewCell.swift in Sources */,
				9F563A052664B242001B9227 /* SceneDelegate.swift in Sources */,
			);
			runOnlyForDeploymentPostprocessing = 0;
		};
/* End PBXSourcesBuildPhase section */

/* Begin PBXVariantGroup section */
		9F563A082664B242001B9227 /* Main.storyboard */ = {
			isa = PBXVariantGroup;
			children = (
				9F563A092664B242001B9227 /* Base */,
			);
			name = Main.storyboard;
			sourceTree = "<group>";
		};
		9F563A0D2664B244001B9227 /* LaunchScreen.storyboard */ = {
			isa = PBXVariantGroup;
			children = (
				9F563A0E2664B244001B9227 /* Base */,
			);
			name = LaunchScreen.storyboard;
			sourceTree = "<group>";
		};
/* End PBXVariantGroup section */

/* Begin XCBuildConfiguration section */
		9F563A112664B244001B9227 /* Debug */ = {
			isa = XCBuildConfiguration;
			buildSettings = {
				ALWAYS_SEARCH_USER_PATHS = NO;
				CLANG_ANALYZER_NONNULL = YES;
				CLANG_ANALYZER_NUMBER_OBJECT_CONVERSION = YES_AGGRESSIVE;
				CLANG_CXX_LANGUAGE_STANDARD = "gnu++14";
				CLANG_CXX_LIBRARY = "libc++";
				CLANG_ENABLE_MODULES = YES;
				CLANG_ENABLE_OBJC_ARC = YES;
				CLANG_ENABLE_OBJC_WEAK = YES;
				CLANG_WARN_BLOCK_CAPTURE_AUTORELEASING = YES;
				CLANG_WARN_BOOL_CONVERSION = YES;
				CLANG_WARN_COMMA = YES;
				CLANG_WARN_CONSTANT_CONVERSION = YES;
				CLANG_WARN_DEPRECATED_OBJC_IMPLEMENTATIONS = YES;
				CLANG_WARN_DIRECT_OBJC_ISA_USAGE = YES_ERROR;
				CLANG_WARN_DOCUMENTATION_COMMENTS = YES;
				CLANG_WARN_EMPTY_BODY = YES;
				CLANG_WARN_ENUM_CONVERSION = YES;
				CLANG_WARN_INFINITE_RECURSION = YES;
				CLANG_WARN_INT_CONVERSION = YES;
				CLANG_WARN_NON_LITERAL_NULL_CONVERSION = YES;
				CLANG_WARN_OBJC_IMPLICIT_RETAIN_SELF = YES;
				CLANG_WARN_OBJC_LITERAL_CONVERSION = YES;
				CLANG_WARN_OBJC_ROOT_CLASS = YES_ERROR;
				CLANG_WARN_QUOTED_INCLUDE_IN_FRAMEWORK_HEADER = YES;
				CLANG_WARN_RANGE_LOOP_ANALYSIS = YES;
				CLANG_WARN_STRICT_PROTOTYPES = YES;
				CLANG_WARN_SUSPICIOUS_MOVE = YES;
				CLANG_WARN_UNGUARDED_AVAILABILITY = YES_AGGRESSIVE;
				CLANG_WARN_UNREACHABLE_CODE = YES;
				CLANG_WARN__DUPLICATE_METHOD_MATCH = YES;
				COPY_PHASE_STRIP = NO;
				DEBUG_INFORMATION_FORMAT = dwarf;
				ENABLE_STRICT_OBJC_MSGSEND = YES;
				ENABLE_TESTABILITY = YES;
				GCC_C_LANGUAGE_STANDARD = gnu11;
				GCC_DYNAMIC_NO_PIC = NO;
				GCC_NO_COMMON_BLOCKS = YES;
				GCC_OPTIMIZATION_LEVEL = 0;
				GCC_PREPROCESSOR_DEFINITIONS = (
					"DEBUG=1",
					"$(inherited)",
				);
				GCC_WARN_64_TO_32_BIT_CONVERSION = YES;
				GCC_WARN_ABOUT_RETURN_TYPE = YES_ERROR;
				GCC_WARN_UNDECLARED_SELECTOR = YES;
				GCC_WARN_UNINITIALIZED_AUTOS = YES_AGGRESSIVE;
				GCC_WARN_UNUSED_FUNCTION = YES;
				GCC_WARN_UNUSED_VARIABLE = YES;
				IPHONEOS_DEPLOYMENT_TARGET = 14.5;
				MTL_ENABLE_DEBUG_INFO = INCLUDE_SOURCE;
				MTL_FAST_MATH = YES;
				ONLY_ACTIVE_ARCH = YES;
				SDKROOT = iphoneos;
				SWIFT_ACTIVE_COMPILATION_CONDITIONS = DEBUG;
				SWIFT_OPTIMIZATION_LEVEL = "-Onone";
			};
			name = Debug;
		};
		9F563A122664B244001B9227 /* Release */ = {
			isa = XCBuildConfiguration;
			buildSettings = {
				ALWAYS_SEARCH_USER_PATHS = NO;
				CLANG_ANALYZER_NONNULL = YES;
				CLANG_ANALYZER_NUMBER_OBJECT_CONVERSION = YES_AGGRESSIVE;
				CLANG_CXX_LANGUAGE_STANDARD = "gnu++14";
				CLANG_CXX_LIBRARY = "libc++";
				CLANG_ENABLE_MODULES = YES;
				CLANG_ENABLE_OBJC_ARC = YES;
				CLANG_ENABLE_OBJC_WEAK = YES;
				CLANG_WARN_BLOCK_CAPTURE_AUTORELEASING = YES;
				CLANG_WARN_BOOL_CONVERSION = YES;
				CLANG_WARN_COMMA = YES;
				CLANG_WARN_CONSTANT_CONVERSION = YES;
				CLANG_WARN_DEPRECATED_OBJC_IMPLEMENTATIONS = YES;
				CLANG_WARN_DIRECT_OBJC_ISA_USAGE = YES_ERROR;
				CLANG_WARN_DOCUMENTATION_COMMENTS = YES;
				CLANG_WARN_EMPTY_BODY = YES;
				CLANG_WARN_ENUM_CONVERSION = YES;
				CLANG_WARN_INFINITE_RECURSION = YES;
				CLANG_WARN_INT_CONVERSION = YES;
				CLANG_WARN_NON_LITERAL_NULL_CONVERSION = YES;
				CLANG_WARN_OBJC_IMPLICIT_RETAIN_SELF = YES;
				CLANG_WARN_OBJC_LITERAL_CONVERSION = YES;
				CLANG_WARN_OBJC_ROOT_CLASS = YES_ERROR;
				CLANG_WARN_QUOTED_INCLUDE_IN_FRAMEWORK_HEADER = YES;
				CLANG_WARN_RANGE_LOOP_ANALYSIS = YES;
				CLANG_WARN_STRICT_PROTOTYPES = YES;
				CLANG_WARN_SUSPICIOUS_MOVE = YES;
				CLANG_WARN_UNGUARDED_AVAILABILITY = YES_AGGRESSIVE;
				CLANG_WARN_UNREACHABLE_CODE = YES;
				CLANG_WARN__DUPLICATE_METHOD_MATCH = YES;
				COPY_PHASE_STRIP = NO;
				DEBUG_INFORMATION_FORMAT = "dwarf-with-dsym";
				ENABLE_NS_ASSERTIONS = NO;
				ENABLE_STRICT_OBJC_MSGSEND = YES;
				GCC_C_LANGUAGE_STANDARD = gnu11;
				GCC_NO_COMMON_BLOCKS = YES;
				GCC_WARN_64_TO_32_BIT_CONVERSION = YES;
				GCC_WARN_ABOUT_RETURN_TYPE = YES_ERROR;
				GCC_WARN_UNDECLARED_SELECTOR = YES;
				GCC_WARN_UNINITIALIZED_AUTOS = YES_AGGRESSIVE;
				GCC_WARN_UNUSED_FUNCTION = YES;
				GCC_WARN_UNUSED_VARIABLE = YES;
				IPHONEOS_DEPLOYMENT_TARGET = 14.5;
				MTL_ENABLE_DEBUG_INFO = NO;
				MTL_FAST_MATH = YES;
				SDKROOT = iphoneos;
				SWIFT_COMPILATION_MODE = wholemodule;
				SWIFT_OPTIMIZATION_LEVEL = "-O";
				VALIDATE_PRODUCT = YES;
			};
			name = Release;
		};
		9F563A142664B244001B9227 /* Debug */ = {
			isa = XCBuildConfiguration;
			baseConfigurationReference = 9461EC0FE78FB8E6C46BB254 /* Pods-RxNewsMVVM.debug.xcconfig */;
			buildSettings = {
				ASSETCATALOG_COMPILER_APPICON_NAME = AppIcon;
				ASSETCATALOG_COMPILER_GLOBAL_ACCENT_COLOR_NAME = AccentColor;
				CODE_SIGN_STYLE = Automatic;
				INFOPLIST_FILE = RxNewsMVVM/Info.plist;
				LD_RUNPATH_SEARCH_PATHS = (
					"$(inherited)",
					"@executable_path/Frameworks",
				);
				PRODUCT_BUNDLE_IDENTIFIER = co.test.RxNewsMVVM;
				PRODUCT_NAME = "$(TARGET_NAME)";
				SWIFT_VERSION = 5.0;
				TARGETED_DEVICE_FAMILY = "1,2";
			};
			name = Debug;
		};
		9F563A152664B244001B9227 /* Release */ = {
			isa = XCBuildConfiguration;
			baseConfigurationReference = 9E362557274A505610585248 /* Pods-RxNewsMVVM.release.xcconfig */;
			buildSettings = {
				ASSETCATALOG_COMPILER_APPICON_NAME = AppIcon;
				ASSETCATALOG_COMPILER_GLOBAL_ACCENT_COLOR_NAME = AccentColor;
				CODE_SIGN_STYLE = Automatic;
				INFOPLIST_FILE = RxNewsMVVM/Info.plist;
				LD_RUNPATH_SEARCH_PATHS = (
					"$(inherited)",
					"@executable_path/Frameworks",
				);
				PRODUCT_BUNDLE_IDENTIFIER = co.test.RxNewsMVVM;
				PRODUCT_NAME = "$(TARGET_NAME)";
				SWIFT_VERSION = 5.0;
				TARGETED_DEVICE_FAMILY = "1,2";
			};
			name = Release;
		};
/* End XCBuildConfiguration section */

/* Begin XCConfigurationList section */
		9F5639FA2664B242001B9227 /* Build configuration list for PBXProject "RxNewsMVVM" */ = {
			isa = XCConfigurationList;
			buildConfigurations = (
				9F563A112664B244001B9227 /* Debug */,
				9F563A122664B244001B9227 /* Release */,
			);
			defaultConfigurationIsVisible = 0;
			defaultConfigurationName = Release;
		};
		9F563A132664B244001B9227 /* Build configuration list for PBXNativeTarget "RxNewsMVVM" */ = {
			isa = XCConfigurationList;
			buildConfigurations = (
				9F563A142664B244001B9227 /* Debug */,
				9F563A152664B244001B9227 /* Release */,
			);
			defaultConfigurationIsVisible = 0;
			defaultConfigurationName = Release;
		};
/* End XCConfigurationList section */
	};
	rootObject = 9F5639F72664B242001B9227 /* Project object */;
}
